
Microsoft Visual Studio Solution File, Format Version 12.00
# Visual Studio Version 16
VisualStudioVersion = 16.0.30104.148
MinimumVisualStudioVersion = 10.0.40219.1
Project("{FAE04EC0-301F-11D3-BF4B-00C04F79EFBC}") = "prjWinCsSQLServerAdoDataset", "prjWinCsSQLServerAdoDataset\prjWinCsSQLServerAdoDataset.csproj", "{D4FE113F-565B-4F72-806A-1E0B685F536B}"
EndProject
Global
	GlobalSection(SolutionConfigurationPlatforms) = preSolution
		Debug|Any CPU = Debug|Any CPU
		Release|Any CPU = Release|Any CPU
	EndGlobalSection
	GlobalSection(ProjectConfigurationPlatforms) = postSolution
		{D4FE113F-565B-4F72-806A-1E0B685F536B}.Debug|Any CPU.ActiveCfg = Debug|Any CPU
		{D4FE113F-565B-4F72-806A-1E0B685F536B}.Debug|Any CPU.Build.0 = Debug|Any CPU
		{D4FE113F-565B-4F72-806A-1E0B685F536B}.Release|Any CPU.ActiveCfg = Release|Any CPU
		{D4FE113F-565B-4F72-806A-1E0B685F536B}.Release|Any CPU.Build.0 = Release|Any CPU
	EndGlobalSection
	GlobalSection(SolutionProperties) = preSolution
		HideSolutionNode = FALSE
	EndGlobalSection
	GlobalSection(ExtensibilityGlobals) = postSolution
		SolutionGuid = {426A0091-19DC-4B6C-8842-09CB85E42B7A}
	EndGlobalSection
EndGlobal
